
Microsoft Visual Studio Solution File, Format Version 12.00
# Visual Studio 15
VisualStudioVersion = 15.0.28307.438
MinimumVisualStudioVersion = 10.0.40219.1
Project("{FAE04EC0-301F-11D3-BF4B-00C04F79EFBC}") = "MyLittleMerger", "MyLittleMerger\MyLittleMerger.csproj", "{6E5A7BCF-622E-415C-98BE-0DD52E701D1D}"
EndProject
Project("{FAE04EC0-301F-11D3-BF4B-00C04F79EFBC}") = "MyLittleMergerTest", "MyLittleMergerTest\MyLittleMergerTest.csproj", "{AA79BAB3-C034-4878-A26A-801D71E8122C}"
EndProject
Global
	GlobalSection(SolutionConfigurationPlatforms) = preSolution
		Debug|Any CPU = Debug|Any CPU
		Release|Any CPU = Release|Any CPU
	EndGlobalSection
	GlobalSection(ProjectConfigurationPlatforms) = postSolution
		{6E5A7BCF-622E-415C-98BE-0DD52E701D1D}.Debug|Any CPU.ActiveCfg = Debug|Any CPU
		{6E5A7BCF-622E-415C-98BE-0DD52E701D1D}.Debug|Any CPU.Build.0 = Debug|Any CPU
		{6E5A7BCF-622E-415C-98BE-0DD52E701D1D}.Release|Any CPU.ActiveCfg = Release|Any CPU
		{6E5A7BCF-622E-415C-98BE-0DD52E701D1D}.Release|Any CPU.Build.0 = Release|Any CPU
		{AA79BAB3-C034-4878-A26A-801D71E8122C}.Debug|Any CPU.ActiveCfg = Debug|Any CPU
		{AA79BAB3-C034-4878-A26A-801D71E8122C}.Debug|Any CPU.Build.0 = Debug|Any CPU
		{AA79BAB3-C034-4878-A26A-801D71E8122C}.Release|Any CPU.ActiveCfg = Release|Any CPU
		{AA79BAB3-C034-4878-A26A-801D71E8122C}.Release|Any CPU.Build.0 = Release|Any CPU
	EndGlobalSection
	GlobalSection(SolutionProperties) = preSolution
		HideSolutionNode = FALSE
	EndGlobalSection
	GlobalSection(ExtensibilityGlobals) = postSolution
		SolutionGuid = {3FAC0EBF-EB25-462B-9976-F0523266ABCE}
	EndGlobalSection
EndGlobal
